// !$*UTF8*$!
{
	archiveVersion = 1;
	classes = {
	};
	objectVersion = 50;
	objects = {

/* Begin PBXBuildFile section */
		560FB9012468224E0095EF42 /* ListPasswordScreenSwiftUI.swift in Sources */ = {isa = PBXBuildFile; fileRef = 560FB9002468224E0095EF42 /* ListPasswordScreenSwiftUI.swift */; };
		5632AF9323F02174009B7A5E /* CustomButton.swift in Sources */ = {isa = PBXBuildFile; fileRef = 5632AF9223F02174009B7A5E /* CustomButton.swift */; };
		569CF27523D7C28900D9EF6C /* MainMenuScreen.swift in Sources */ = {isa = PBXBuildFile; fileRef = 569CF27423D7C28900D9EF6C /* MainMenuScreen.swift */; };
		56B9823F23D9A974009E6F90 /* ListPasswordScreen.swift in Sources */ = {isa = PBXBuildFile; fileRef = 56B9823E23D9A974009E6F90 /* ListPasswordScreen.swift */; };
		56CB9A6C23AB4D4A000829DD /* AppDelegate.swift in Sources */ = {isa = PBXBuildFile; fileRef = 56CB9A6B23AB4D4A000829DD /* AppDelegate.swift */; };
		56CB9A6E23AB4D4A000829DD /* SceneDelegate.swift in Sources */ = {isa = PBXBuildFile; fileRef = 56CB9A6D23AB4D4A000829DD /* SceneDelegate.swift */; };
		56CB9A7023AB4D4A000829DD /* GeneratePasswordScreen.swift in Sources */ = {isa = PBXBuildFile; fileRef = 56CB9A6F23AB4D4A000829DD /* GeneratePasswordScreen.swift */; };
		56CB9A7323AB4D4A000829DD /* Main.storyboard in Resources */ = {isa = PBXBuildFile; fileRef = 56CB9A7123AB4D4A000829DD /* Main.storyboard */; };
		56CB9A7523AB4D62000829DD /* Assets.xcassets in Resources */ = {isa = PBXBuildFile; fileRef = 56CB9A7423AB4D62000829DD /* Assets.xcassets */; };
		56CB9A7823AB4D62000829DD /* LaunchScreen.storyboard in Resources */ = {isa = PBXBuildFile; fileRef = 56CB9A7623AB4D62000829DD /* LaunchScreen.storyboard */; };
		56D4179523D3BF0D00541526 /* LoginScreen.swift in Sources */ = {isa = PBXBuildFile; fileRef = 56D4179423D3BF0D00541526 /* LoginScreen.swift */; };
		56D4179E23D3C02800541526 /* MainNavigationController.swift in Sources */ = {isa = PBXBuildFile; fileRef = 56D4179D23D3C02800541526 /* MainNavigationController.swift */; };
		AD0B630B8729457B79259089 /* libPods-PasswordDraft.a in Frameworks */ = {isa = PBXBuildFile; fileRef = FF5857C154B428E76D72F373 /* libPods-PasswordDraft.a */; };
/* End PBXBuildFile section */

/* Begin PBXFileReference section */
		560FB9002468224E0095EF42 /* ListPasswordScreenSwiftUI.swift */ = {isa = PBXFileReference; lastKnownFileType = sourcecode.swift; path = ListPasswordScreenSwiftUI.swift; sourceTree = "<group>"; };
		5632AF9223F02174009B7A5E /* CustomButton.swift */ = {isa = PBXFileReference; lastKnownFileType = sourcecode.swift; path = CustomButton.swift; sourceTree = "<group>"; };
		5649932A2467CF76002421A5 /* libsqlite3.0.tbd */ = {isa = PBXFileReference; lastKnownFileType = "sourcecode.text-based-dylib-definition"; name = libsqlite3.0.tbd; path = usr/lib/libsqlite3.0.tbd; sourceTree = SDKROOT; };
		569CF27423D7C28900D9EF6C /* MainMenuScreen.swift */ = {isa = PBXFileReference; lastKnownFileType = sourcecode.swift; path = MainMenuScreen.swift; sourceTree = "<group>"; };
		56B9823E23D9A974009E6F90 /* ListPasswordScreen.swift */ = {isa = PBXFileReference; lastKnownFileType = sourcecode.swift; path = ListPasswordScreen.swift; sourceTree = "<group>"; };
		56CB9A6823AB4D4A000829DD /* PasswordDraft.app */ = {isa = PBXFileReference; explicitFileType = wrapper.application; includeInIndex = 0; path = PasswordDraft.app; sourceTree = BUILT_PRODUCTS_DIR; };
		56CB9A6B23AB4D4A000829DD /* AppDelegate.swift */ = {isa = PBXFileReference; lastKnownFileType = sourcecode.swift; path = AppDelegate.swift; sourceTree = "<group>"; };
		56CB9A6D23AB4D4A000829DD /* SceneDelegate.swift */ = {isa = PBXFileReference; lastKnownFileType = sourcecode.swift; path = SceneDelegate.swift; sourceTree = "<group>"; };
		56CB9A6F23AB4D4A000829DD /* GeneratePasswordScreen.swift */ = {isa = PBXFileReference; lastKnownFileType = sourcecode.swift; path = GeneratePasswordScreen.swift; sourceTree = "<group>"; };
		56CB9A7223AB4D4A000829DD /* Base */ = {isa = PBXFileReference; lastKnownFileType = file.storyboard; name = Base; path = Base.lproj/Main.storyboard; sourceTree = "<group>"; };
		56CB9A7423AB4D62000829DD /* Assets.xcassets */ = {isa = PBXFileReference; lastKnownFileType = folder.assetcatalog; path = Assets.xcassets; sourceTree = "<group>"; };
		56CB9A7723AB4D62000829DD /* Base */ = {isa = PBXFileReference; lastKnownFileType = file.storyboard; name = Base; path = Base.lproj/LaunchScreen.storyboard; sourceTree = "<group>"; };
		56CB9A7923AB4D62000829DD /* Info.plist */ = {isa = PBXFileReference; lastKnownFileType = text.plist.xml; path = Info.plist; sourceTree = "<group>"; };
		56D4179423D3BF0D00541526 /* LoginScreen.swift */ = {isa = PBXFileReference; lastKnownFileType = sourcecode.swift; path = LoginScreen.swift; sourceTree = "<group>"; };
		56D4179D23D3C02800541526 /* MainNavigationController.swift */ = {isa = PBXFileReference; lastKnownFileType = sourcecode.swift; path = MainNavigationController.swift; sourceTree = "<group>"; };
		56FFE42724658D0200D9C434 /* libsqlite3.tbd */ = {isa = PBXFileReference; lastKnownFileType = "sourcecode.text-based-dylib-definition"; name = libsqlite3.tbd; path = usr/lib/libsqlite3.tbd; sourceTree = SDKROOT; };
		9A14D5CD089A00FFDE0296D8 /* Pods_PasswordDraft.framework */ = {isa = PBXFileReference; explicitFileType = wrapper.framework; includeInIndex = 0; path = Pods_PasswordDraft.framework; sourceTree = BUILT_PRODUCTS_DIR; };
		E6C7943946078F9922BE36AD /* Pods-PasswordDraft.debug.xcconfig */ = {isa = PBXFileReference; includeInIndex = 1; lastKnownFileType = text.xcconfig; name = "Pods-PasswordDraft.debug.xcconfig"; path = "Target Support Files/Pods-PasswordDraft/Pods-PasswordDraft.debug.xcconfig"; sourceTree = "<group>"; };
		EF11267AC85B8AB13ECE89F3 /* Pods-PasswordDraft.release.xcconfig */ = {isa = PBXFileReference; includeInIndex = 1; lastKnownFileType = text.xcconfig; name = "Pods-PasswordDraft.release.xcconfig"; path = "Target Support Files/Pods-PasswordDraft/Pods-PasswordDraft.release.xcconfig"; sourceTree = "<group>"; };
		FF5857C154B428E76D72F373 /* libPods-PasswordDraft.a */ = {isa = PBXFileReference; explicitFileType = archive.ar; includeInIndex = 0; path = "libPods-PasswordDraft.a"; sourceTree = BUILT_PRODUCTS_DIR; };
/* End PBXFileReference section */

/* Begin PBXFrameworksBuildPhase section */
		56CB9A6523AB4D4A000829DD /* Frameworks */ = {
			isa = PBXFrameworksBuildPhase;
			buildActionMask = 2147483647;
			files = (
				AD0B630B8729457B79259089 /* libPods-PasswordDraft.a in Frameworks */,
			);
			runOnlyForDeploymentPostprocessing = 0;
		};
/* End PBXFrameworksBuildPhase section */

/* Begin PBXGroup section */
		5680751123C03A45007A5A3A /* Frameworks */ = {
			isa = PBXGroup;
			children = (
				5649932A2467CF76002421A5 /* libsqlite3.0.tbd */,
				56FFE42724658D0200D9C434 /* libsqlite3.tbd */,
				9A14D5CD089A00FFDE0296D8 /* Pods_PasswordDraft.framework */,
				FF5857C154B428E76D72F373 /* libPods-PasswordDraft.a */,
			);
			name = Frameworks;
			sourceTree = "<group>";
		};
		56C3A0BB2467FDE600D79039 /* ViewControllers */ = {
			isa = PBXGroup;
			children = (
				560FB9002468224E0095EF42 /* ListPasswordScreenSwiftUI.swift */,
				56D4179423D3BF0D00541526 /* LoginScreen.swift */,
				569CF27423D7C28900D9EF6C /* MainMenuScreen.swift */,
				56B9823E23D9A974009E6F90 /* ListPasswordScreen.swift */,
				56CB9A6F23AB4D4A000829DD /* GeneratePasswordScreen.swift */,
			);
			path = ViewControllers;
			sourceTree = "<group>";
		};
		56C3A0BC2467FE4C00D79039 /* Storyboards */ = {
			isa = PBXGroup;
			children = (
				56CB9A7623AB4D62000829DD /* LaunchScreen.storyboard */,
				56CB9A7123AB4D4A000829DD /* Main.storyboard */,
			);
			path = Storyboards;
			sourceTree = "<group>";
		};
		56C3A0BD2467FE6900D79039 /* Common */ = {
			isa = PBXGroup;
			children = (
				5632AF9223F02174009B7A5E /* CustomButton.swift */,
			);
			path = Common;
			sourceTree = "<group>";
		};
		56C3A0BE2467FE9400D79039 /* Delegates */ = {
			isa = PBXGroup;
			children = (
				56CB9A6B23AB4D4A000829DD /* AppDelegate.swift */,
				56CB9A6D23AB4D4A000829DD /* SceneDelegate.swift */,
			);
			path = Delegates;
			sourceTree = "<group>";
		};
		56CB9A5F23AB4D4A000829DD = {
			isa = PBXGroup;
			children = (
				56CB9A6A23AB4D4A000829DD /* PasswordDraft */,
				56CB9A6923AB4D4A000829DD /* Products */,
				5680751123C03A45007A5A3A /* Frameworks */,
				D49FEAAD42A919E020CAA57C /* Pods */,
			);
			sourceTree = "<group>";
		};
		56CB9A6923AB4D4A000829DD /* Products */ = {
			isa = PBXGroup;
			children = (
				56CB9A6823AB4D4A000829DD /* PasswordDraft.app */,
			);
			name = Products;
			sourceTree = "<group>";
		};
		56CB9A6A23AB4D4A000829DD /* PasswordDraft */ = {
			isa = PBXGroup;
			children = (
				56C3A0BE2467FE9400D79039 /* Delegates */,
				56C3A0BD2467FE6900D79039 /* Common */,
				56C3A0BC2467FE4C00D79039 /* Storyboards */,
				56C3A0BB2467FDE600D79039 /* ViewControllers */,
				56D4179D23D3C02800541526 /* MainNavigationController.swift */,
				56CB9A7923AB4D62000829DD /* Info.plist */,
				56CB9A7423AB4D62000829DD /* Assets.xcassets */,
			);
			path = PasswordDraft;
			sourceTree = "<group>";
		};
		D49FEAAD42A919E020CAA57C /* Pods */ = {
			isa = PBXGroup;
			children = (
				E6C7943946078F9922BE36AD /* Pods-PasswordDraft.debug.xcconfig */,
				EF11267AC85B8AB13ECE89F3 /* Pods-PasswordDraft.release.xcconfig */,
			);
			path = Pods;
			sourceTree = "<group>";
		};
/* End PBXGroup section */

/* Begin PBXNativeTarget section */
		56CB9A6723AB4D4A000829DD /* PasswordDraft */ = {
			isa = PBXNativeTarget;
			buildConfigurationList = 56CB9A7C23AB4D62000829DD /* Build configuration list for PBXNativeTarget "PasswordDraft" */;
			buildPhases = (
				1C9340F00D69DC1CB8ED043F /* [CP] Check Pods Manifest.lock */,
				56CB9A6423AB4D4A000829DD /* Sources */,
				56CB9A6523AB4D4A000829DD /* Frameworks */,
				56CB9A6623AB4D4A000829DD /* Resources */,
			);
			buildRules = (
			);
			dependencies = (
			);
			name = PasswordDraft;
			productName = PasswordDraft;
			productReference = 56CB9A6823AB4D4A000829DD /* PasswordDraft.app */;
			productType = "com.apple.product-type.application";
		};
/* End PBXNativeTarget section */

/* Begin PBXProject section */
		56CB9A6023AB4D4A000829DD /* Project object */ = {
			isa = PBXProject;
			attributes = {
				LastSwiftUpdateCheck = 1110;
				LastUpgradeCheck = 1110;
				ORGANIZATIONNAME = "Nicholas Glover";
				TargetAttributes = {
					56CB9A6723AB4D4A000829DD = {
						CreatedOnToolsVersion = 11.1;
					};
				};
			};
			buildConfigurationList = 56CB9A6323AB4D4A000829DD /* Build configuration list for PBXProject "PasswordDraft" */;
			compatibilityVersion = "Xcode 9.3";
			developmentRegion = en;
			hasScannedForEncodings = 0;
			knownRegions = (
				en,
				Base,
			);
			mainGroup = 56CB9A5F23AB4D4A000829DD;
			productRefGroup = 56CB9A6923AB4D4A000829DD /* Products */;
			projectDirPath = "";
			projectRoot = "";
			targets = (
				56CB9A6723AB4D4A000829DD /* PasswordDraft */,
			);
		};
/* End PBXProject section */

/* Begin PBXResourcesBuildPhase section */
		56CB9A6623AB4D4A000829DD /* Resources */ = {
			isa = PBXResourcesBuildPhase;
			buildActionMask = 2147483647;
			files = (
				56CB9A7823AB4D62000829DD /* LaunchScreen.storyboard in Resources */,
				56CB9A7523AB4D62000829DD /* Assets.xcassets in Resources */,
				56CB9A7323AB4D4A000829DD /* Main.storyboard in Resources */,
			);
			runOnlyForDeploymentPostprocessing = 0;
		};
/* End PBXResourcesBuildPhase section */

/* Begin PBXShellScriptBuildPhase section */
		1C9340F00D69DC1CB8ED043F /* [CP] Check Pods Manifest.lock */ = {
			isa = PBXShellScriptBuildPhase;
			buildActionMask = 2147483647;
			files = (
			);
			inputFileListPaths = (
			);
			inputPaths = (
				"${PODS_PODFILE_DIR_PATH}/Podfile.lock",
				"${PODS_ROOT}/Manifest.lock",
			);
			name = "[CP] Check Pods Manifest.lock";
			outputFileListPaths = (
			);
			outputPaths = (
				"$(DERIVED_FILE_DIR)/Pods-PasswordDraft-checkManifestLockResult.txt",
			);
			runOnlyForDeploymentPostprocessing = 0;
			shellPath = /bin/sh;
			shellScript = "diff \"${PODS_PODFILE_DIR_PATH}/Podfile.lock\" \"${PODS_ROOT}/Manifest.lock\" > /dev/null\nif [ $? != 0 ] ; then\n    # print error to STDERR\n    echo \"error: The sandbox is not in sync with the Podfile.lock. Run 'pod install' or update your CocoaPods installation.\" >&2\n    exit 1\nfi\n# This output is used by Xcode 'outputs' to avoid re-running this script phase.\necho \"SUCCESS\" > \"${SCRIPT_OUTPUT_FILE_0}\"\n";
			showEnvVarsInLog = 0;
		};
/* End PBXShellScriptBuildPhase section */

/* Begin PBXSourcesBuildPhase section */
		56CB9A6423AB4D4A000829DD /* Sources */ = {
			isa = PBXSourcesBuildPhase;
			buildActionMask = 2147483647;
			files = (
				56D4179E23D3C02800541526 /* MainNavigationController.swift in Sources */,
				569CF27523D7C28900D9EF6C /* MainMenuScreen.swift in Sources */,
				56B9823F23D9A974009E6F90 /* ListPasswordScreen.swift in Sources */,
				560FB9012468224E0095EF42 /* ListPasswordScreenSwiftUI.swift in Sources */,
				56D4179523D3BF0D00541526 /* LoginScreen.swift in Sources */,
				5632AF9323F02174009B7A5E /* CustomButton.swift in Sources */,
				56CB9A7023AB4D4A000829DD /* GeneratePasswordScreen.swift in Sources */,
				56CB9A6C23AB4D4A000829DD /* AppDelegate.swift in Sources */,
				56CB9A6E23AB4D4A000829DD /* SceneDelegate.swift in Sources */,
			);
			runOnlyForDeploymentPostprocessing = 0;
		};
/* End PBXSourcesBuildPhase section */

/* Begin PBXVariantGroup section */
		56CB9A7123AB4D4A000829DD /* Main.storyboard */ = {
			isa = PBXVariantGroup;
			children = (
				56CB9A7223AB4D4A000829DD /* Base */,
			);
			name = Main.storyboard;
			sourceTree = "<group>";
		};
		56CB9A7623AB4D62000829DD /* LaunchScreen.storyboard */ = {
			isa = PBXVariantGroup;
			children = (
				56CB9A7723AB4D62000829DD /* Base */,
			);
			name = LaunchScreen.storyboard;
			sourceTree = "<group>";
		};
/* End PBXVariantGroup section */

/* Begin XCBuildConfiguration section */
		56CB9A7A23AB4D62000829DD /* Debug */ = {
			isa = XCBuildConfiguration;
			buildSettings = {
				ALWAYS_SEARCH_USER_PATHS = NO;
				CLANG_ANALYZER_NONNULL = YES;
				CLANG_ANALYZER_NUMBER_OBJECT_CONVERSION = YES_AGGRESSIVE;
				CLANG_CXX_LANGUAGE_STANDARD = "gnu++14";
				CLANG_CXX_LIBRARY = "libc++";
				CLANG_ENABLE_MODULES = YES;
				CLANG_ENABLE_OBJC_ARC = YES;
				CLANG_ENABLE_OBJC_WEAK = YES;
				CLANG_WARN_BLOCK_CAPTURE_AUTORELEASING = YES;
				CLANG_WARN_BOOL_CONVERSION = YES;
				CLANG_WARN_COMMA = YES;
				CLANG_WARN_CONSTANT_CONVERSION = YES;
				CLANG_WARN_DEPRECATED_OBJC_IMPLEMENTATIONS = YES;
				CLANG_WARN_DIRECT_OBJC_ISA_USAGE = YES_ERROR;
				CLANG_WARN_DOCUMENTATION_COMMENTS = YES;
				CLANG_WARN_EMPTY_BODY = YES;
				CLANG_WARN_ENUM_CONVERSION = YES;
				CLANG_WARN_INFINITE_RECURSION = YES;
				CLANG_WARN_INT_CONVERSION = YES;
				CLANG_WARN_NON_LITERAL_NULL_CONVERSION = YES;
				CLANG_WARN_OBJC_IMPLICIT_RETAIN_SELF = YES;
				CLANG_WARN_OBJC_LITERAL_CONVERSION = YES;
				CLANG_WARN_OBJC_ROOT_CLASS = YES_ERROR;
				CLANG_WARN_RANGE_LOOP_ANALYSIS = YES;
				CLANG_WARN_STRICT_PROTOTYPES = YES;
				CLANG_WARN_SUSPICIOUS_MOVE = YES;
				CLANG_WARN_UNGUARDED_AVAILABILITY = YES_AGGRESSIVE;
				CLANG_WARN_UNREACHABLE_CODE = YES;
				CLANG_WARN__DUPLICATE_METHOD_MATCH = YES;
				COPY_PHASE_STRIP = NO;
				DEBUG_INFORMATION_FORMAT = dwarf;
				ENABLE_STRICT_OBJC_MSGSEND = YES;
				ENABLE_TESTABILITY = YES;
				GCC_C_LANGUAGE_STANDARD = gnu11;
				GCC_DYNAMIC_NO_PIC = NO;
				GCC_NO_COMMON_BLOCKS = YES;
				GCC_OPTIMIZATION_LEVEL = 0;
				GCC_PREPROCESSOR_DEFINITIONS = (
					"DEBUG=1",
					"$(inherited)",
				);
				GCC_WARN_64_TO_32_BIT_CONVERSION = YES;
				GCC_WARN_ABOUT_RETURN_TYPE = YES_ERROR;
				GCC_WARN_UNDECLARED_SELECTOR = YES;
				GCC_WARN_UNINITIALIZED_AUTOS = YES_AGGRESSIVE;
				GCC_WARN_UNUSED_FUNCTION = YES;
				GCC_WARN_UNUSED_VARIABLE = YES;
				IPHONEOS_DEPLOYMENT_TARGET = 13.1;
				MTL_ENABLE_DEBUG_INFO = INCLUDE_SOURCE;
				MTL_FAST_MATH = YES;
				ONLY_ACTIVE_ARCH = YES;
				SDKROOT = iphoneos;
				SWIFT_ACTIVE_COMPILATION_CONDITIONS = DEBUG;
				SWIFT_OPTIMIZATION_LEVEL = "-Onone";
			};
			name = Debug;
		};
		56CB9A7B23AB4D62000829DD /* Release */ = {
			isa = XCBuildConfiguration;
			buildSettings = {
				ALWAYS_SEARCH_USER_PATHS = NO;
				CLANG_ANALYZER_NONNULL = YES;
				CLANG_ANALYZER_NUMBER_OBJECT_CONVERSION = YES_AGGRESSIVE;
				CLANG_CXX_LANGUAGE_STANDARD = "gnu++14";
				CLANG_CXX_LIBRARY = "libc++";
				CLANG_ENABLE_MODULES = YES;
				CLANG_ENABLE_OBJC_ARC = YES;
				CLANG_ENABLE_OBJC_WEAK = YES;
				CLANG_WARN_BLOCK_CAPTURE_AUTORELEASING = YES;
				CLANG_WARN_BOOL_CONVERSION = YES;
				CLANG_WARN_COMMA = YES;
				CLANG_WARN_CONSTANT_CONVERSION = YES;
				CLANG_WARN_DEPRECATED_OBJC_IMPLEMENTATIONS = YES;
				CLANG_WARN_DIRECT_OBJC_ISA_USAGE = YES_ERROR;
				CLANG_WARN_DOCUMENTATION_COMMENTS = YES;
				CLANG_WARN_EMPTY_BODY = YES;
				CLANG_WARN_ENUM_CONVERSION = YES;
				CLANG_WARN_INFINITE_RECURSION = YES;
				CLANG_WARN_INT_CONVERSION = YES;
				CLANG_WARN_NON_LITERAL_NULL_CONVERSION = YES;
				CLANG_WARN_OBJC_IMPLICIT_RETAIN_SELF = YES;
				CLANG_WARN_OBJC_LITERAL_CONVERSION = YES;
				CLANG_WARN_OBJC_ROOT_CLASS = YES_ERROR;
				CLANG_WARN_RANGE_LOOP_ANALYSIS = YES;
				CLANG_WARN_STRICT_PROTOTYPES = YES;
				CLANG_WARN_SUSPICIOUS_MOVE = YES;
				CLANG_WARN_UNGUARDED_AVAILABILITY = YES_AGGRESSIVE;
				CLANG_WARN_UNREACHABLE_CODE = YES;
				CLANG_WARN__DUPLICATE_METHOD_MATCH = YES;
				COPY_PHASE_STRIP = NO;
				DEBUG_INFORMATION_FORMAT = "dwarf-with-dsym";
				ENABLE_NS_ASSERTIONS = NO;
				ENABLE_STRICT_OBJC_MSGSEND = YES;
				GCC_C_LANGUAGE_STANDARD = gnu11;
				GCC_NO_COMMON_BLOCKS = YES;
				GCC_WARN_64_TO_32_BIT_CONVERSION = YES;
				GCC_WARN_ABOUT_RETURN_TYPE = YES_ERROR;
				GCC_WARN_UNDECLARED_SELECTOR = YES;
				GCC_WARN_UNINITIALIZED_AUTOS = YES_AGGRESSIVE;
				GCC_WARN_UNUSED_FUNCTION = YES;
				GCC_WARN_UNUSED_VARIABLE = YES;
				IPHONEOS_DEPLOYMENT_TARGET = 13.1;
				MTL_ENABLE_DEBUG_INFO = NO;
				MTL_FAST_MATH = YES;
				SDKROOT = iphoneos;
				SWIFT_COMPILATION_MODE = wholemodule;
				SWIFT_OPTIMIZATION_LEVEL = "-O";
				VALIDATE_PRODUCT = YES;
			};
			name = Release;
		};
		56CB9A7D23AB4D62000829DD /* Debug */ = {
			isa = XCBuildConfiguration;
			baseConfigurationReference = E6C7943946078F9922BE36AD /* Pods-PasswordDraft.debug.xcconfig */;
			buildSettings = {
				ASSETCATALOG_COMPILER_APPICON_NAME = AppIcon;
				CODE_SIGN_STYLE = Automatic;
				DEVELOPMENT_ASSET_PATHS = "";
				DEVELOPMENT_TEAM = V46HMUD2ZG;
				INFOPLIST_FILE = PasswordDraft/Info.plist;
				LD_RUNPATH_SEARCH_PATHS = (
					"$(inherited)",
					"@executable_path/Frameworks",
				);
				PRODUCT_BUNDLE_IDENTIFIER = nicholas.testing.PasswordDraft;
				PRODUCT_NAME = "$(TARGET_NAME)";
				SWIFT_VERSION = 5.0;
				TARGETED_DEVICE_FAMILY = "1,2";
			};
			name = Debug;
		};
		56CB9A7E23AB4D62000829DD /* Release */ = {
			isa = XCBuildConfiguration;
			baseConfigurationReference = EF11267AC85B8AB13ECE89F3 /* Pods-PasswordDraft.release.xcconfig */;
			buildSettings = {
				ASSETCATALOG_COMPILER_APPICON_NAME = AppIcon;
				CODE_SIGN_STYLE = Automatic;
				DEVELOPMENT_ASSET_PATHS = "";
				DEVELOPMENT_TEAM = V46HMUD2ZG;
				INFOPLIST_FILE = PasswordDraft/Info.plist;
				LD_RUNPATH_SEARCH_PATHS = (
					"$(inherited)",
					"@executable_path/Frameworks",
				);
				PRODUCT_BUNDLE_IDENTIFIER = nicholas.testing.PasswordDraft;
				PRODUCT_NAME = "$(TARGET_NAME)";
				SWIFT_VERSION = 5.0;
				TARGETED_DEVICE_FAMILY = "1,2";
			};
			name = Release;
		};
/* End XCBuildConfiguration section */

/* Begin XCConfigurationList section */
		56CB9A6323AB4D4A000829DD /* Build configuration list for PBXProject "PasswordDraft" */ = {
			isa = XCConfigurationList;
			buildConfigurations = (
				56CB9A7A23AB4D62000829DD /* Debug */,
				56CB9A7B23AB4D62000829DD /* Release */,
			);
			defaultConfigurationIsVisible = 0;
			defaultConfigurationName = Release;
		};
		56CB9A7C23AB4D62000829DD /* Build configuration list for PBXNativeTarget "PasswordDraft" */ = {
			isa = XCConfigurationList;
			buildConfigurations = (
				56CB9A7D23AB4D62000829DD /* Debug */,
				56CB9A7E23AB4D62000829DD /* Release */,
			);
			defaultConfigurationIsVisible = 0;
			defaultConfigurationName = Release;
		};
/* End XCConfigurationList section */
	};
	rootObject = 56CB9A6023AB4D4A000829DD /* Project object */;
}
